
Microsoft Visual Studio Solution File, Format Version 12.00
# Visual Studio Version 17
VisualStudioVersion = 17.14.36518.9 d17.14
MinimumVisualStudioVersion = 10.0.40219.1
Project("{FAE04EC0-301F-11D3-BF4B-00C04F79EFBC}") = "BusinessObjects", "BusinessObjects\BusinessObjects.csproj", "{3DBBBBED-1A64-4CF8-BB1C-FDFB0274A7D4}"
EndProject
Project("{FAE04EC0-301F-11D3-BF4B-00C04F79EFBC}") = "BusinessLogicLayer", "BusinessLogicLayer\BusinessLogicLayer.csproj", "{B3775BD0-D046-4401-9C3D-041BC429F74F}"
EndProject
Project("{FAE04EC0-301F-11D3-BF4B-00C04F79EFBC}") = "DataAccessLayer", "DataAccessLayer\DataAccessLayer.csproj", "{F2BE67EA-1E3B-440C-A4C3-A455CEDEF5F5}"
EndProject
Project("{FAE04EC0-301F-11D3-BF4B-00C04F79EFBC}") = "RestaurantManagementWPF", "RestaurantManagementWPF\RestaurantManagementWPF.csproj", "{52BB5FA0-1F20-4BE0-AB7C-698BA9895B0A}"
EndProject
Global
	GlobalSection(SolutionConfigurationPlatforms) = preSolution
		Debug|Any CPU = Debug|Any CPU
		Release|Any CPU = Release|Any CPU
	EndGlobalSection
	GlobalSection(ProjectConfigurationPlatforms) = postSolution
		{3DBBBBED-1A64-4CF8-BB1C-FDFB0274A7D4}.Debug|Any CPU.ActiveCfg = Debug|Any CPU
		{3DBBBBED-1A64-4CF8-BB1C-FDFB0274A7D4}.Debug|Any CPU.Build.0 = Debug|Any CPU
		{3DBBBBED-1A64-4CF8-BB1C-FDFB0274A7D4}.Release|Any CPU.ActiveCfg = Release|Any CPU
		{3DBBBBED-1A64-4CF8-BB1C-FDFB0274A7D4}.Release|Any CPU.Build.0 = Release|Any CPU
		{B3775BD0-D046-4401-9C3D-041BC429F74F}.Debug|Any CPU.ActiveCfg = Debug|Any CPU
		{B3775BD0-D046-4401-9C3D-041BC429F74F}.Debug|Any CPU.Build.0 = Debug|Any CPU
		{B3775BD0-D046-4401-9C3D-041BC429F74F}.Release|Any CPU.ActiveCfg = Release|Any CPU
		{B3775BD0-D046-4401-9C3D-041BC429F74F}.Release|Any CPU.Build.0 = Release|Any CPU
		{F2BE67EA-1E3B-440C-A4C3-A455CEDEF5F5}.Debug|Any CPU.ActiveCfg = Debug|Any CPU
		{F2BE67EA-1E3B-440C-A4C3-A455CEDEF5F5}.Debug|Any CPU.Build.0 = Debug|Any CPU
		{F2BE67EA-1E3B-440C-A4C3-A455CEDEF5F5}.Release|Any CPU.ActiveCfg = Release|Any CPU
		{F2BE67EA-1E3B-440C-A4C3-A455CEDEF5F5}.Release|Any CPU.Build.0 = Release|Any CPU
		{52BB5FA0-1F20-4BE0-AB7C-698BA9895B0A}.Debug|Any CPU.ActiveCfg = Debug|Any CPU
		{52BB5FA0-1F20-4BE0-AB7C-698BA9895B0A}.Debug|Any CPU.Build.0 = Debug|Any CPU
		{52BB5FA0-1F20-4BE0-AB7C-698BA9895B0A}.Release|Any CPU.ActiveCfg = Release|Any CPU
		{52BB5FA0-1F20-4BE0-AB7C-698BA9895B0A}.Release|Any CPU.Build.0 = Release|Any CPU
	EndGlobalSection
	GlobalSection(SolutionProperties) = preSolution
		HideSolutionNode = FALSE
	EndGlobalSection
	GlobalSection(ExtensibilityGlobals) = postSolution
		SolutionGuid = {98159C91-01C6-4495-8E85-71BB1E5667E4}
	EndGlobalSection
EndGlobal
